// !$*UTF8*$!
{
	archiveVersion = 1;
	classes = {
	};
	objectVersion = 56;
	objects = {

/* Begin PBXBuildFile section */
		201CAFE32AEF4B3B00FC1EC1 /* SceneStorageView_.swift in Sources */ = {isa = PBXBuildFile; fileRef = 201CAFE22AEF4B3B00FC1EC1 /* SceneStorageView_.swift */; };
		201CAFE52AEF4F3F00FC1EC1 /* StorageNavigationView.swift in Sources */ = {isa = PBXBuildFile; fileRef = 201CAFE42AEF4F3F00FC1EC1 /* StorageNavigationView.swift */; };
		201CAFE72AEF690700FC1EC1 /* AligmentView.swift in Sources */ = {isa = PBXBuildFile; fileRef = 201CAFE62AEF690700FC1EC1 /* AligmentView.swift */; };
		201CB0072AEF7A1500FC1EC1 /* AligmentView_EX.swift in Sources */ = {isa = PBXBuildFile; fileRef = 201CB0062AEF7A1500FC1EC1 /* AligmentView_EX.swift */; };
		201CB0092AEF7B6D00FC1EC1 /* AligmentView_EX2.swift in Sources */ = {isa = PBXBuildFile; fileRef = 201CB0082AEF7B6D00FC1EC1 /* AligmentView_EX2.swift */; };
		201CB00C2AEF95E400FC1EC1 /* AligmentZStaskView.swift in Sources */ = {isa = PBXBuildFile; fileRef = 201CB00B2AEF95E400FC1EC1 /* AligmentZStaskView.swift */; };
		20D750492AEA01D500A9D4AE /* LifeCycleDemoViewApp.swift in Sources */ = {isa = PBXBuildFile; fileRef = 20D750482AEA01D500A9D4AE /* LifeCycleDemoViewApp.swift */; };
		20D7504B2AEA01D500A9D4AE /* ContentView.swift in Sources */ = {isa = PBXBuildFile; fileRef = 20D7504A2AEA01D500A9D4AE /* ContentView.swift */; };
		20D7504D2AEA01DA00A9D4AE /* Assets.xcassets in Resources */ = {isa = PBXBuildFile; fileRef = 20D7504C2AEA01DA00A9D4AE /* Assets.xcassets */; };
		20D750502AEA01DA00A9D4AE /* Preview Assets.xcassets in Resources */ = {isa = PBXBuildFile; fileRef = 20D7504F2AEA01DA00A9D4AE /* Preview Assets.xcassets */; };
		20D750572AEA034100A9D4AE /* FirstTabView.swift in Sources */ = {isa = PBXBuildFile; fileRef = 20D750562AEA034100A9D4AE /* FirstTabView.swift */; };
		20D750592AEA035D00A9D4AE /* SecondTabView.swift in Sources */ = {isa = PBXBuildFile; fileRef = 20D750582AEA035D00A9D4AE /* SecondTabView.swift */; };
		20D7505B2AEA2D3F00A9D4AE /* ObservableDemoView.swift in Sources */ = {isa = PBXBuildFile; fileRef = 20D7505A2AEA2D3F00A9D4AE /* ObservableDemoView.swift */; };
		20D7505D2AEA31D400A9D4AE /* ObservableSecondView.swift in Sources */ = {isa = PBXBuildFile; fileRef = 20D7505C2AEA31D400A9D4AE /* ObservableSecondView.swift */; };
		20D7505F2AEA40E700A9D4AE /* StorageDemoView.swift in Sources */ = {isa = PBXBuildFile; fileRef = 20D7505E2AEA40E700A9D4AE /* StorageDemoView.swift */; };
		20D750612AEA436600A9D4AE /* SceneStorageView.swift in Sources */ = {isa = PBXBuildFile; fileRef = 20D750602AEA436600A9D4AE /* SceneStorageView.swift */; };
		20D750652AEA438A00A9D4AE /* AppStorageView.swift in Sources */ = {isa = PBXBuildFile; fileRef = 20D750642AEA438A00A9D4AE /* AppStorageView.swift */; };
/* End PBXBuildFile section */

/* Begin PBXFileReference section */
		201CAFE22AEF4B3B00FC1EC1 /* SceneStorageView_.swift */ = {isa = PBXFileReference; lastKnownFileType = sourcecode.swift; path = SceneStorageView_.swift; sourceTree = "<group>"; };
		201CAFE42AEF4F3F00FC1EC1 /* StorageNavigationView.swift */ = {isa = PBXFileReference; lastKnownFileType = sourcecode.swift; path = StorageNavigationView.swift; sourceTree = "<group>"; };
		201CAFE62AEF690700FC1EC1 /* AligmentView.swift */ = {isa = PBXFileReference; lastKnownFileType = sourcecode.swift; path = AligmentView.swift; sourceTree = "<group>"; };
		201CB0062AEF7A1500FC1EC1 /* AligmentView_EX.swift */ = {isa = PBXFileReference; lastKnownFileType = sourcecode.swift; path = AligmentView_EX.swift; sourceTree = "<group>"; };
		201CB0082AEF7B6D00FC1EC1 /* AligmentView_EX2.swift */ = {isa = PBXFileReference; lastKnownFileType = sourcecode.swift; path = AligmentView_EX2.swift; sourceTree = "<group>"; };
		201CB00B2AEF95E400FC1EC1 /* AligmentZStaskView.swift */ = {isa = PBXFileReference; lastKnownFileType = sourcecode.swift; path = AligmentZStaskView.swift; sourceTree = "<group>"; };
		20D750452AEA01D500A9D4AE /* LifeCycleDemoView.app */ = {isa = PBXFileReference; explicitFileType = wrapper.application; includeInIndex = 0; path = LifeCycleDemoView.app; sourceTree = BUILT_PRODUCTS_DIR; };
		20D750482AEA01D500A9D4AE /* LifeCycleDemoViewApp.swift */ = {isa = PBXFileReference; lastKnownFileType = sourcecode.swift; path = LifeCycleDemoViewApp.swift; sourceTree = "<group>"; };
		20D7504A2AEA01D500A9D4AE /* ContentView.swift */ = {isa = PBXFileReference; lastKnownFileType = sourcecode.swift; path = ContentView.swift; sourceTree = "<group>"; };
		20D7504C2AEA01DA00A9D4AE /* Assets.xcassets */ = {isa = PBXFileReference; lastKnownFileType = folder.assetcatalog; path = Assets.xcassets; sourceTree = "<group>"; };
		20D7504F2AEA01DA00A9D4AE /* Preview Assets.xcassets */ = {isa = PBXFileReference; lastKnownFileType = folder.assetcatalog; path = "Preview Assets.xcassets"; sourceTree = "<group>"; };
		20D750562AEA034100A9D4AE /* FirstTabView.swift */ = {isa = PBXFileReference; lastKnownFileType = sourcecode.swift; path = FirstTabView.swift; sourceTree = "<group>"; };
		20D750582AEA035D00A9D4AE /* SecondTabView.swift */ = {isa = PBXFileReference; lastKnownFileType = sourcecode.swift; path = SecondTabView.swift; sourceTree = "<group>"; };
		20D7505A2AEA2D3F00A9D4AE /* ObservableDemoView.swift */ = {isa = PBXFileReference; lastKnownFileType = sourcecode.swift; path = ObservableDemoView.swift; sourceTree = "<group>"; };
		20D7505C2AEA31D400A9D4AE /* ObservableSecondView.swift */ = {isa = PBXFileReference; lastKnownFileType = sourcecode.swift; path = ObservableSecondView.swift; sourceTree = "<group>"; };
		20D7505E2AEA40E700A9D4AE /* StorageDemoView.swift */ = {isa = PBXFileReference; lastKnownFileType = sourcecode.swift; path = StorageDemoView.swift; sourceTree = "<group>"; };
		20D750602AEA436600A9D4AE /* SceneStorageView.swift */ = {isa = PBXFileReference; lastKnownFileType = sourcecode.swift; path = SceneStorageView.swift; sourceTree = "<group>"; };
		20D750642AEA438A00A9D4AE /* AppStorageView.swift */ = {isa = PBXFileReference; lastKnownFileType = sourcecode.swift; path = AppStorageView.swift; sourceTree = "<group>"; };
/* End PBXFileReference section */

/* Begin PBXFrameworksBuildPhase section */
		20D750422AEA01D500A9D4AE /* Frameworks */ = {
			isa = PBXFrameworksBuildPhase;
			buildActionMask = 2147483647;
			files = (
			);
			runOnlyForDeploymentPostprocessing = 0;
		};
/* End PBXFrameworksBuildPhase section */

/* Begin PBXGroup section */
		201CB00A2AEF925C00FC1EC1 /* Aligment */ = {
			isa = PBXGroup;
			children = (
				201CB0062AEF7A1500FC1EC1 /* AligmentView_EX.swift */,
				201CB0082AEF7B6D00FC1EC1 /* AligmentView_EX2.swift */,
				201CB00B2AEF95E400FC1EC1 /* AligmentZStaskView.swift */,
				201CAFE62AEF690700FC1EC1 /* AligmentView.swift */,
			);
			path = Aligment;
			sourceTree = "<group>";
		};
		20D7503C2AEA01D500A9D4AE = {
			isa = PBXGroup;
			children = (
				20D750472AEA01D500A9D4AE /* LifeCycleDemoView */,
				20D750462AEA01D500A9D4AE /* Products */,
			);
			sourceTree = "<group>";
		};
		20D750462AEA01D500A9D4AE /* Products */ = {
			isa = PBXGroup;
			children = (
				20D750452AEA01D500A9D4AE /* LifeCycleDemoView.app */,
			);
			name = Products;
			sourceTree = "<group>";
		};
		20D750472AEA01D500A9D4AE /* LifeCycleDemoView */ = {
			isa = PBXGroup;
			children = (
				20D750482AEA01D500A9D4AE /* LifeCycleDemoViewApp.swift */,
				20D7504A2AEA01D500A9D4AE /* ContentView.swift */,
				201CB00A2AEF925C00FC1EC1 /* Aligment */,
				201CAFE22AEF4B3B00FC1EC1 /* SceneStorageView_.swift */,
				20D750582AEA035D00A9D4AE /* SecondTabView.swift */,
				20D750562AEA034100A9D4AE /* FirstTabView.swift */,
				20D7504E2AEA01DA00A9D4AE /* Preview Content */,
				20D750672AEA4BF100A9D4AE /* Observable */,
				20D750662AEA48DA00A9D4AE /* Storage */,
				20D7504C2AEA01DA00A9D4AE /* Assets.xcassets */,
			);
			path = LifeCycleDemoView;
			sourceTree = "<group>";
		};
		20D7504E2AEA01DA00A9D4AE /* Preview Content */ = {
			isa = PBXGroup;
			children = (
				20D7504F2AEA01DA00A9D4AE /* Preview Assets.xcassets */,
			);
			path = "Preview Content";
			sourceTree = "<group>";
		};
		20D750662AEA48DA00A9D4AE /* Storage */ = {
			isa = PBXGroup;
			children = (
				20D750602AEA436600A9D4AE /* SceneStorageView.swift */,
				20D750642AEA438A00A9D4AE /* AppStorageView.swift */,
				20D7505E2AEA40E700A9D4AE /* StorageDemoView.swift */,
				201CAFE42AEF4F3F00FC1EC1 /* StorageNavigationView.swift */,
			);
			path = Storage;
			sourceTree = "<group>";
		};
		20D750672AEA4BF100A9D4AE /* Observable */ = {
			isa = PBXGroup;
			children = (
				20D7505C2AEA31D400A9D4AE /* ObservableSecondView.swift */,
				20D7505A2AEA2D3F00A9D4AE /* ObservableDemoView.swift */,
			);
			path = Observable;
			sourceTree = "<group>";
		};
/* End PBXGroup section */

/* Begin PBXNativeTarget section */
		20D750442AEA01D500A9D4AE /* LifeCycleDemoView */ = {
			isa = PBXNativeTarget;
			buildConfigurationList = 20D750532AEA01DA00A9D4AE /* Build configuration list for PBXNativeTarget "LifeCycleDemoView" */;
			buildPhases = (
				20D750412AEA01D500A9D4AE /* Sources */,
				20D750422AEA01D500A9D4AE /* Frameworks */,
				20D750432AEA01D500A9D4AE /* Resources */,
			);
			buildRules = (
			);
			dependencies = (
			);
			name = LifeCycleDemoView;
			productName = LifeCycleDemoView;
			productReference = 20D750452AEA01D500A9D4AE /* LifeCycleDemoView.app */;
			productType = "com.apple.product-type.application";
		};
/* End PBXNativeTarget section */

/* Begin PBXProject section */
		20D7503D2AEA01D500A9D4AE /* Project object */ = {
			isa = PBXProject;
			attributes = {
				BuildIndependentTargetsInParallel = 1;
				LastSwiftUpdateCheck = 1500;
				LastUpgradeCheck = 1500;
				TargetAttributes = {
					20D750442AEA01D500A9D4AE = {
						CreatedOnToolsVersion = 15.0.1;
					};
				};
			};
			buildConfigurationList = 20D750402AEA01D500A9D4AE /* Build configuration list for PBXProject "LifeCycleDemoView" */;
			compatibilityVersion = "Xcode 14.0";
			developmentRegion = en;
			hasScannedForEncodings = 0;
			knownRegions = (
				en,
				Base,
			);
			mainGroup = 20D7503C2AEA01D500A9D4AE;
			productRefGroup = 20D750462AEA01D500A9D4AE /* Products */;
			projectDirPath = "";
			projectRoot = "";
			targets = (
				20D750442AEA01D500A9D4AE /* LifeCycleDemoView */,
			);
		};
/* End PBXProject section */

/* Begin PBXResourcesBuildPhase section */
		20D750432AEA01D500A9D4AE /* Resources */ = {
			isa = PBXResourcesBuildPhase;
			buildActionMask = 2147483647;
			files = (
				20D750502AEA01DA00A9D4AE /* Preview Assets.xcassets in Resources */,
				20D7504D2AEA01DA00A9D4AE /* Assets.xcassets in Resources */,
			);
			runOnlyForDeploymentPostprocessing = 0;
		};
/* End PBXResourcesBuildPhase section */

/* Begin PBXSourcesBuildPhase section */
		20D750412AEA01D500A9D4AE /* Sources */ = {
			isa = PBXSourcesBuildPhase;
			buildActionMask = 2147483647;
			files = (
				20D750592AEA035D00A9D4AE /* SecondTabView.swift in Sources */,
				201CB0072AEF7A1500FC1EC1 /* AligmentView_EX.swift in Sources */,
				201CAFE72AEF690700FC1EC1 /* AligmentView.swift in Sources */,
				20D7505D2AEA31D400A9D4AE /* ObservableSecondView.swift in Sources */,
				20D7505B2AEA2D3F00A9D4AE /* ObservableDemoView.swift in Sources */,
				20D750652AEA438A00A9D4AE /* AppStorageView.swift in Sources */,
				20D7505F2AEA40E700A9D4AE /* StorageDemoView.swift in Sources */,
				20D7504B2AEA01D500A9D4AE /* ContentView.swift in Sources */,
				20D750572AEA034100A9D4AE /* FirstTabView.swift in Sources */,
				201CAFE32AEF4B3B00FC1EC1 /* SceneStorageView_.swift in Sources */,
				201CB00C2AEF95E400FC1EC1 /* AligmentZStaskView.swift in Sources */,
				20D750492AEA01D500A9D4AE /* LifeCycleDemoViewApp.swift in Sources */,
				201CB0092AEF7B6D00FC1EC1 /* AligmentView_EX2.swift in Sources */,
				20D750612AEA436600A9D4AE /* SceneStorageView.swift in Sources */,
				201CAFE52AEF4F3F00FC1EC1 /* StorageNavigationView.swift in Sources */,
			);
			runOnlyForDeploymentPostprocessing = 0;
		};
/* End PBXSourcesBuildPhase section */

/* Begin XCBuildConfiguration section */
		20D750512AEA01DA00A9D4AE /* Debug */ = {
			isa = XCBuildConfiguration;
			buildSettings = {
				ALWAYS_SEARCH_USER_PATHS = NO;
				ASSETCATALOG_COMPILER_GENERATE_SWIFT_ASSET_SYMBOL_EXTENSIONS = YES;
				CLANG_ANALYZER_NONNULL = YES;
				CLANG_ANALYZER_NUMBER_OBJECT_CONVERSION = YES_AGGRESSIVE;
				CLANG_CXX_LANGUAGE_STANDARD = "gnu++20";
				CLANG_ENABLE_MODULES = YES;
				CLANG_ENABLE_OBJC_ARC = YES;
				CLANG_ENABLE_OBJC_WEAK = YES;
				CLANG_WARN_BLOCK_CAPTURE_AUTORELEASING = YES;
				CLANG_WARN_BOOL_CONVERSION = YES;
				CLANG_WARN_COMMA = YES;
				CLANG_WARN_CONSTANT_CONVERSION = YES;
				CLANG_WARN_DEPRECATED_OBJC_IMPLEMENTATIONS = YES;
				CLANG_WARN_DIRECT_OBJC_ISA_USAGE = YES_ERROR;
				CLANG_WARN_DOCUMENTATION_COMMENTS = YES;
				CLANG_WARN_EMPTY_BODY = YES;
				CLANG_WARN_ENUM_CONVERSION = YES;
				CLANG_WARN_INFINITE_RECURSION = YES;
				CLANG_WARN_INT_CONVERSION = YES;
				CLANG_WARN_NON_LITERAL_NULL_CONVERSION = YES;
				CLANG_WARN_OBJC_IMPLICIT_RETAIN_SELF = YES;
				CLANG_WARN_OBJC_LITERAL_CONVERSION = YES;
				CLANG_WARN_OBJC_ROOT_CLASS = YES_ERROR;
				CLANG_WARN_QUOTED_INCLUDE_IN_FRAMEWORK_HEADER = YES;
				CLANG_WARN_RANGE_LOOP_ANALYSIS = YES;
				CLANG_WARN_STRICT_PROTOTYPES = YES;
				CLANG_WARN_SUSPICIOUS_MOVE = YES;
				CLANG_WARN_UNGUARDED_AVAILABILITY = YES_AGGRESSIVE;
				CLANG_WARN_UNREACHABLE_CODE = YES;
				CLANG_WARN__DUPLICATE_METHOD_MATCH = YES;
				COPY_PHASE_STRIP = NO;
				DEBUG_INFORMATION_FORMAT = dwarf;
				ENABLE_STRICT_OBJC_MSGSEND = YES;
				ENABLE_TESTABILITY = YES;
				ENABLE_USER_SCRIPT_SANDBOXING = YES;
				GCC_C_LANGUAGE_STANDARD = gnu17;
				GCC_DYNAMIC_NO_PIC = NO;
				GCC_NO_COMMON_BLOCKS = YES;
				GCC_OPTIMIZATION_LEVEL = 0;
				GCC_PREPROCESSOR_DEFINITIONS = (
					"DEBUG=1",
					"$(inherited)",
				);
				GCC_WARN_64_TO_32_BIT_CONVERSION = YES;
				GCC_WARN_ABOUT_RETURN_TYPE = YES_ERROR;
				GCC_WARN_UNDECLARED_SELECTOR = YES;
				GCC_WARN_UNINITIALIZED_AUTOS = YES_AGGRESSIVE;
				GCC_WARN_UNUSED_FUNCTION = YES;
				GCC_WARN_UNUSED_VARIABLE = YES;
				IPHONEOS_DEPLOYMENT_TARGET = 17.0;
				LOCALIZATION_PREFERS_STRING_CATALOGS = YES;
				MTL_ENABLE_DEBUG_INFO = INCLUDE_SOURCE;
				MTL_FAST_MATH = YES;
				ONLY_ACTIVE_ARCH = YES;
				SDKROOT = iphoneos;
				SWIFT_ACTIVE_COMPILATION_CONDITIONS = "DEBUG $(inherited)";
				SWIFT_OPTIMIZATION_LEVEL = "-Onone";
			};
			name = Debug;
		};
		20D750522AEA01DA00A9D4AE /* Release */ = {
			isa = XCBuildConfiguration;
			buildSettings = {
				ALWAYS_SEARCH_USER_PATHS = NO;
				ASSETCATALOG_COMPILER_GENERATE_SWIFT_ASSET_SYMBOL_EXTENSIONS = YES;
				CLANG_ANALYZER_NONNULL = YES;
				CLANG_ANALYZER_NUMBER_OBJECT_CONVERSION = YES_AGGRESSIVE;
				CLANG_CXX_LANGUAGE_STANDARD = "gnu++20";
				CLANG_ENABLE_MODULES = YES;
				CLANG_ENABLE_OBJC_ARC = YES;
				CLANG_ENABLE_OBJC_WEAK = YES;
				CLANG_WARN_BLOCK_CAPTURE_AUTORELEASING = YES;
				CLANG_WARN_BOOL_CONVERSION = YES;
				CLANG_WARN_COMMA = YES;
				CLANG_WARN_CONSTANT_CONVERSION = YES;
				CLANG_WARN_DEPRECATED_OBJC_IMPLEMENTATIONS = YES;
				CLANG_WARN_DIRECT_OBJC_ISA_USAGE = YES_ERROR;
				CLANG_WARN_DOCUMENTATION_COMMENTS = YES;
				CLANG_WARN_EMPTY_BODY = YES;
				CLANG_WARN_ENUM_CONVERSION = YES;
				CLANG_WARN_INFINITE_RECURSION = YES;
				CLANG_WARN_INT_CONVERSION = YES;
				CLANG_WARN_NON_LITERAL_NULL_CONVERSION = YES;
				CLANG_WARN_OBJC_IMPLICIT_RETAIN_SELF = YES;
				CLANG_WARN_OBJC_LITERAL_CONVERSION = YES;
				CLANG_WARN_OBJC_ROOT_CLASS = YES_ERROR;
				CLANG_WARN_QUOTED_INCLUDE_IN_FRAMEWORK_HEADER = YES;
				CLANG_WARN_RANGE_LOOP_ANALYSIS = YES;
				CLANG_WARN_STRICT_PROTOTYPES = YES;
				CLANG_WARN_SUSPICIOUS_MOVE = YES;
				CLANG_WARN_UNGUARDED_AVAILABILITY = YES_AGGRESSIVE;
				CLANG_WARN_UNREACHABLE_CODE = YES;
				CLANG_WARN__DUPLICATE_METHOD_MATCH = YES;
				COPY_PHASE_STRIP = NO;
				DEBUG_INFORMATION_FORMAT = "dwarf-with-dsym";
				ENABLE_NS_ASSERTIONS = NO;
				ENABLE_STRICT_OBJC_MSGSEND = YES;
				ENABLE_USER_SCRIPT_SANDBOXING = YES;
				GCC_C_LANGUAGE_STANDARD = gnu17;
				GCC_NO_COMMON_BLOCKS = YES;
				GCC_WARN_64_TO_32_BIT_CONVERSION = YES;
				GCC_WARN_ABOUT_RETURN_TYPE = YES_ERROR;
				GCC_WARN_UNDECLARED_SELECTOR = YES;
				GCC_WARN_UNINITIALIZED_AUTOS = YES_AGGRESSIVE;
				GCC_WARN_UNUSED_FUNCTION = YES;
				GCC_WARN_UNUSED_VARIABLE = YES;
				IPHONEOS_DEPLOYMENT_TARGET = 17.0;
				LOCALIZATION_PREFERS_STRING_CATALOGS = YES;
				MTL_ENABLE_DEBUG_INFO = NO;
				MTL_FAST_MATH = YES;
				SDKROOT = iphoneos;
				SWIFT_COMPILATION_MODE = wholemodule;
				VALIDATE_PRODUCT = YES;
			};
			name = Release;
		};
		20D750542AEA01DA00A9D4AE /* Debug */ = {
			isa = XCBuildConfiguration;
			buildSettings = {
				ASSETCATALOG_COMPILER_APPICON_NAME = AppIcon;
				ASSETCATALOG_COMPILER_GLOBAL_ACCENT_COLOR_NAME = AccentColor;
				CODE_SIGN_STYLE = Automatic;
				CURRENT_PROJECT_VERSION = 1;
				DEVELOPMENT_ASSET_PATHS = "\"LifeCycleDemoView/Preview Content\"";
				DEVELOPMENT_TEAM = BT45P2PUCQ;
				ENABLE_PREVIEWS = YES;
				GENERATE_INFOPLIST_FILE = YES;
				INFOPLIST_KEY_UIApplicationSceneManifest_Generation = YES;
				INFOPLIST_KEY_UIApplicationSupportsIndirectInputEvents = YES;
				INFOPLIST_KEY_UILaunchScreen_Generation = YES;
				INFOPLIST_KEY_UISupportedInterfaceOrientations_iPad = "UIInterfaceOrientationPortrait UIInterfaceOrientationPortraitUpsideDown UIInterfaceOrientationLandscapeLeft UIInterfaceOrientationLandscapeRight";
				INFOPLIST_KEY_UISupportedInterfaceOrientations_iPhone = "UIInterfaceOrientationPortrait UIInterfaceOrientationLandscapeLeft UIInterfaceOrientationLandscapeRight";
				LD_RUNPATH_SEARCH_PATHS = (
					"$(inherited)",
					"@executable_path/Frameworks",
				);
				MARKETING_VERSION = 1.0;
				PRODUCT_BUNDLE_IDENTIFIER = com.iosApp.LifeCycleDemoView;
				PRODUCT_NAME = "$(TARGET_NAME)";
				SWIFT_EMIT_LOC_STRINGS = YES;
				SWIFT_VERSION = 5.0;
				TARGETED_DEVICE_FAMILY = "1,2";
			};
			name = Debug;
		};
		20D750552AEA01DA00A9D4AE /* Release */ = {
			isa = XCBuildConfiguration;
			buildSettings = {
				ASSETCATALOG_COMPILER_APPICON_NAME = AppIcon;
				ASSETCATALOG_COMPILER_GLOBAL_ACCENT_COLOR_NAME = AccentColor;
				CODE_SIGN_STYLE = Automatic;
				CURRENT_PROJECT_VERSION = 1;
				DEVELOPMENT_ASSET_PATHS = "\"LifeCycleDemoView/Preview Content\"";
				DEVELOPMENT_TEAM = BT45P2PUCQ;
				ENABLE_PREVIEWS = YES;
				GENERATE_INFOPLIST_FILE = YES;
				INFOPLIST_KEY_UIApplicationSceneManifest_Generation = YES;
				INFOPLIST_KEY_UIApplicationSupportsIndirectInputEvents = YES;
				INFOPLIST_KEY_UILaunchScreen_Generation = YES;
				INFOPLIST_KEY_UISupportedInterfaceOrientations_iPad = "UIInterfaceOrientationPortrait UIInterfaceOrientationPortraitUpsideDown UIInterfaceOrientationLandscapeLeft UIInterfaceOrientationLandscapeRight";
				INFOPLIST_KEY_UISupportedInterfaceOrientations_iPhone = "UIInterfaceOrientationPortrait UIInterfaceOrientationLandscapeLeft UIInterfaceOrientationLandscapeRight";
				LD_RUNPATH_SEARCH_PATHS = (
					"$(inherited)",
					"@executable_path/Frameworks",
				);
				MARKETING_VERSION = 1.0;
				PRODUCT_BUNDLE_IDENTIFIER = com.iosApp.LifeCycleDemoView;
				PRODUCT_NAME = "$(TARGET_NAME)";
				SWIFT_EMIT_LOC_STRINGS = YES;
				SWIFT_VERSION = 5.0;
				TARGETED_DEVICE_FAMILY = "1,2";
			};
			name = Release;
		};
/* End XCBuildConfiguration section */

/* Begin XCConfigurationList section */
		20D750402AEA01D500A9D4AE /* Build configuration list for PBXProject "LifeCycleDemoView" */ = {
			isa = XCConfigurationList;
			buildConfigurations = (
				20D750512AEA01DA00A9D4AE /* Debug */,
				20D750522AEA01DA00A9D4AE /* Release */,
			);
			defaultConfigurationIsVisible = 0;
			defaultConfigurationName = Release;
		};
		20D750532AEA01DA00A9D4AE /* Build configuration list for PBXNativeTarget "LifeCycleDemoView" */ = {
			isa = XCConfigurationList;
			buildConfigurations = (
				20D750542AEA01DA00A9D4AE /* Debug */,
				20D750552AEA01DA00A9D4AE /* Release */,
			);
			defaultConfigurationIsVisible = 0;
			defaultConfigurationName = Release;
		};
/* End XCConfigurationList section */
	};
	rootObject = 20D7503D2AEA01D500A9D4AE /* Project object */;
}
