// !$*UTF8*$!
{
	archiveVersion = 1;
	classes = {
	};
	objectVersion = 56;
	objects = {

/* Begin PBXBuildFile section */
		202F117B2AD6246C001E1BCC /* demoProject2App.swift in Sources */ = {isa = PBXBuildFile; fileRef = 202F117A2AD6246C001E1BCC /* demoProject2App.swift */; };
		202F117D2AD6246C001E1BCC /* ContentView.swift in Sources */ = {isa = PBXBuildFile; fileRef = 202F117C2AD6246C001E1BCC /* ContentView.swift */; };
		202F117F2AD6246E001E1BCC /* Assets.xcassets in Resources */ = {isa = PBXBuildFile; fileRef = 202F117E2AD6246E001E1BCC /* Assets.xcassets */; };
		202F11822AD6246E001E1BCC /* Preview Assets.xcassets in Resources */ = {isa = PBXBuildFile; fileRef = 202F11812AD6246E001E1BCC /* Preview Assets.xcassets */; };
		202F11892AD6413E001E1BCC /* BasicView.swift in Sources */ = {isa = PBXBuildFile; fileRef = 202F11882AD6413E001E1BCC /* BasicView.swift */; };
		202F11932AD6771D001E1BCC /* example01.swift in Sources */ = {isa = PBXBuildFile; fileRef = 202F11922AD6771D001E1BCC /* example01.swift */; };
		202F11952AD67851001E1BCC /* example02.swift in Sources */ = {isa = PBXBuildFile; fileRef = 202F11942AD67851001E1BCC /* example02.swift */; };
		202FC5E72AD9153900DF6152 /* example05.swift in Sources */ = {isa = PBXBuildFile; fileRef = 202FC5E62AD9153900DF6152 /* example05.swift */; };
		202FC5E92AD918B100DF6152 /* StateView.swift in Sources */ = {isa = PBXBuildFile; fileRef = 202FC5E82AD918B100DF6152 /* StateView.swift */; };
		202FC5EB2AD92B1600DF6152 /* swiftUI -demoView.swift in Sources */ = {isa = PBXBuildFile; fileRef = 202FC5EA2AD92B1600DF6152 /* swiftUI -demoView.swift */; };
		202FC5ED2AD9377000DF6152 /* swiftUI 0demoview_02.swift in Sources */ = {isa = PBXBuildFile; fileRef = 202FC5EC2AD9377000DF6152 /* swiftUI 0demoview_02.swift */; };
		20B536E62AD7BCB40074F0C0 /* StackFrameView.swift in Sources */ = {isa = PBXBuildFile; fileRef = 20B536E52AD7BCB40074F0C0 /* StackFrameView.swift */; };
		20B536E82AD7CD280074F0C0 /* example03.swift in Sources */ = {isa = PBXBuildFile; fileRef = 20B536E72AD7CD280074F0C0 /* example03.swift */; };
		20B536EA2AD7E2290074F0C0 /* example04.swift in Sources */ = {isa = PBXBuildFile; fileRef = 20B536E92AD7E2290074F0C0 /* example04.swift */; };
/* End PBXBuildFile section */

/* Begin PBXFileReference section */
		202F11772AD6246C001E1BCC /* demoProject2.app */ = {isa = PBXFileReference; explicitFileType = wrapper.application; includeInIndex = 0; path = demoProject2.app; sourceTree = BUILT_PRODUCTS_DIR; };
		202F117A2AD6246C001E1BCC /* demoProject2App.swift */ = {isa = PBXFileReference; lastKnownFileType = sourcecode.swift; path = demoProject2App.swift; sourceTree = "<group>"; };
		202F117C2AD6246C001E1BCC /* ContentView.swift */ = {isa = PBXFileReference; lastKnownFileType = sourcecode.swift; path = ContentView.swift; sourceTree = "<group>"; };
		202F117E2AD6246E001E1BCC /* Assets.xcassets */ = {isa = PBXFileReference; lastKnownFileType = folder.assetcatalog; path = Assets.xcassets; sourceTree = "<group>"; };
		202F11812AD6246E001E1BCC /* Preview Assets.xcassets */ = {isa = PBXFileReference; lastKnownFileType = folder.assetcatalog; path = "Preview Assets.xcassets"; sourceTree = "<group>"; };
		202F11882AD6413E001E1BCC /* BasicView.swift */ = {isa = PBXFileReference; lastKnownFileType = sourcecode.swift; path = BasicView.swift; sourceTree = "<group>"; };
		202F11922AD6771D001E1BCC /* example01.swift */ = {isa = PBXFileReference; lastKnownFileType = sourcecode.swift; path = example01.swift; sourceTree = "<group>"; };
		202F11942AD67851001E1BCC /* example02.swift */ = {isa = PBXFileReference; lastKnownFileType = sourcecode.swift; path = example02.swift; sourceTree = "<group>"; };
		202FC5E62AD9153900DF6152 /* example05.swift */ = {isa = PBXFileReference; lastKnownFileType = sourcecode.swift; path = example05.swift; sourceTree = "<group>"; };
		202FC5E82AD918B100DF6152 /* StateView.swift */ = {isa = PBXFileReference; lastKnownFileType = sourcecode.swift; path = StateView.swift; sourceTree = "<group>"; };
		202FC5EA2AD92B1600DF6152 /* swiftUI -demoView.swift */ = {isa = PBXFileReference; lastKnownFileType = sourcecode.swift; path = "swiftUI -demoView.swift"; sourceTree = "<group>"; };
		202FC5EC2AD9377000DF6152 /* swiftUI 0demoview_02.swift */ = {isa = PBXFileReference; lastKnownFileType = sourcecode.swift; path = "swiftUI 0demoview_02.swift"; sourceTree = "<group>"; };
		20B536E52AD7BCB40074F0C0 /* StackFrameView.swift */ = {isa = PBXFileReference; lastKnownFileType = sourcecode.swift; path = StackFrameView.swift; sourceTree = "<group>"; };
		20B536E72AD7CD280074F0C0 /* example03.swift */ = {isa = PBXFileReference; lastKnownFileType = sourcecode.swift; path = example03.swift; sourceTree = "<group>"; };
		20B536E92AD7E2290074F0C0 /* example04.swift */ = {isa = PBXFileReference; lastKnownFileType = sourcecode.swift; path = example04.swift; sourceTree = "<group>"; };
/* End PBXFileReference section */

/* Begin PBXFrameworksBuildPhase section */
		202F11742AD6246C001E1BCC /* Frameworks */ = {
			isa = PBXFrameworksBuildPhase;
			buildActionMask = 2147483647;
			files = (
			);
			runOnlyForDeploymentPostprocessing = 0;
		};
/* End PBXFrameworksBuildPhase section */

/* Begin PBXGroup section */
		202F116E2AD6246C001E1BCC = {
			isa = PBXGroup;
			children = (
				202F11792AD6246C001E1BCC /* demoProject2 */,
				202F11782AD6246C001E1BCC /* Products */,
			);
			sourceTree = "<group>";
		};
		202F11782AD6246C001E1BCC /* Products */ = {
			isa = PBXGroup;
			children = (
				202F11772AD6246C001E1BCC /* demoProject2.app */,
			);
			name = Products;
			sourceTree = "<group>";
		};
		202F11792AD6246C001E1BCC /* demoProject2 */ = {
			isa = PBXGroup;
			children = (
				202F117A2AD6246C001E1BCC /* demoProject2App.swift */,
				202F117C2AD6246C001E1BCC /* ContentView.swift */,
				202F11922AD6771D001E1BCC /* example01.swift */,
				202F11942AD67851001E1BCC /* example02.swift */,
				20B536E72AD7CD280074F0C0 /* example03.swift */,
				20B536E92AD7E2290074F0C0 /* example04.swift */,
				202FC5E62AD9153900DF6152 /* example05.swift */,
				202F117E2AD6246E001E1BCC /* Assets.xcassets */,
				202F11802AD6246E001E1BCC /* Preview Content */,
				202F11882AD6413E001E1BCC /* BasicView.swift */,
				20B536E52AD7BCB40074F0C0 /* StackFrameView.swift */,
				202FC5E82AD918B100DF6152 /* StateView.swift */,
				202FC5EA2AD92B1600DF6152 /* swiftUI -demoView.swift */,
				202FC5EC2AD9377000DF6152 /* swiftUI 0demoview_02.swift */,
			);
			path = demoProject2;
			sourceTree = "<group>";
		};
		202F11802AD6246E001E1BCC /* Preview Content */ = {
			isa = PBXGroup;
			children = (
				202F11812AD6246E001E1BCC /* Preview Assets.xcassets */,
			);
			path = "Preview Content";
			sourceTree = "<group>";
		};
/* End PBXGroup section */

/* Begin PBXNativeTarget section */
		202F11762AD6246C001E1BCC /* demoProject2 */ = {
			isa = PBXNativeTarget;
			buildConfigurationList = 202F11852AD6246E001E1BCC /* Build configuration list for PBXNativeTarget "demoProject2" */;
			buildPhases = (
				202F11732AD6246C001E1BCC /* Sources */,
				202F11742AD6246C001E1BCC /* Frameworks */,
				202F11752AD6246C001E1BCC /* Resources */,
			);
			buildRules = (
			);
			dependencies = (
			);
			name = demoProject2;
			productName = demoProject2;
			productReference = 202F11772AD6246C001E1BCC /* demoProject2.app */;
			productType = "com.apple.product-type.application";
		};
/* End PBXNativeTarget section */

/* Begin PBXProject section */
		202F116F2AD6246C001E1BCC /* Project object */ = {
			isa = PBXProject;
			attributes = {
				BuildIndependentTargetsInParallel = 1;
				LastSwiftUpdateCheck = 1500;
				LastUpgradeCheck = 1500;
				TargetAttributes = {
					202F11762AD6246C001E1BCC = {
						CreatedOnToolsVersion = 15.0;
					};
				};
			};
			buildConfigurationList = 202F11722AD6246C001E1BCC /* Build configuration list for PBXProject "demoProject2" */;
			compatibilityVersion = "Xcode 14.0";
			developmentRegion = en;
			hasScannedForEncodings = 0;
			knownRegions = (
				en,
				Base,
			);
			mainGroup = 202F116E2AD6246C001E1BCC;
			productRefGroup = 202F11782AD6246C001E1BCC /* Products */;
			projectDirPath = "";
			projectRoot = "";
			targets = (
				202F11762AD6246C001E1BCC /* demoProject2 */,
			);
		};
/* End PBXProject section */

/* Begin PBXResourcesBuildPhase section */
		202F11752AD6246C001E1BCC /* Resources */ = {
			isa = PBXResourcesBuildPhase;
			buildActionMask = 2147483647;
			files = (
				202F11822AD6246E001E1BCC /* Preview Assets.xcassets in Resources */,
				202F117F2AD6246E001E1BCC /* Assets.xcassets in Resources */,
			);
			runOnlyForDeploymentPostprocessing = 0;
		};
/* End PBXResourcesBuildPhase section */

/* Begin PBXSourcesBuildPhase section */
		202F11732AD6246C001E1BCC /* Sources */ = {
			isa = PBXSourcesBuildPhase;
			buildActionMask = 2147483647;
			files = (
				202F11892AD6413E001E1BCC /* BasicView.swift in Sources */,
				20B536E62AD7BCB40074F0C0 /* StackFrameView.swift in Sources */,
				202FC5EB2AD92B1600DF6152 /* swiftUI -demoView.swift in Sources */,
				202FC5E92AD918B100DF6152 /* StateView.swift in Sources */,
				202FC5E72AD9153900DF6152 /* example05.swift in Sources */,
				202FC5ED2AD9377000DF6152 /* swiftUI 0demoview_02.swift in Sources */,
				20B536EA2AD7E2290074F0C0 /* example04.swift in Sources */,
				202F11952AD67851001E1BCC /* example02.swift in Sources */,
				202F117D2AD6246C001E1BCC /* ContentView.swift in Sources */,
				202F117B2AD6246C001E1BCC /* demoProject2App.swift in Sources */,
				20B536E82AD7CD280074F0C0 /* example03.swift in Sources */,
				202F11932AD6771D001E1BCC /* example01.swift in Sources */,
			);
			runOnlyForDeploymentPostprocessing = 0;
		};
/* End PBXSourcesBuildPhase section */

/* Begin XCBuildConfiguration section */
		202F11832AD6246E001E1BCC /* Debug */ = {
			isa = XCBuildConfiguration;
			buildSettings = {
				ALWAYS_SEARCH_USER_PATHS = NO;
				ASSETCATALOG_COMPILER_GENERATE_SWIFT_ASSET_SYMBOL_EXTENSIONS = YES;
				CLANG_ANALYZER_NONNULL = YES;
				CLANG_ANALYZER_NUMBER_OBJECT_CONVERSION = YES_AGGRESSIVE;
				CLANG_CXX_LANGUAGE_STANDARD = "gnu++20";
				CLANG_ENABLE_MODULES = YES;
				CLANG_ENABLE_OBJC_ARC = YES;
				CLANG_ENABLE_OBJC_WEAK = YES;
				CLANG_WARN_BLOCK_CAPTURE_AUTORELEASING = YES;
				CLANG_WARN_BOOL_CONVERSION = YES;
				CLANG_WARN_COMMA = YES;
				CLANG_WARN_CONSTANT_CONVERSION = YES;
				CLANG_WARN_DEPRECATED_OBJC_IMPLEMENTATIONS = YES;
				CLANG_WARN_DIRECT_OBJC_ISA_USAGE = YES_ERROR;
				CLANG_WARN_DOCUMENTATION_COMMENTS = YES;
				CLANG_WARN_EMPTY_BODY = YES;
				CLANG_WARN_ENUM_CONVERSION = YES;
				CLANG_WARN_INFINITE_RECURSION = YES;
				CLANG_WARN_INT_CONVERSION = YES;
				CLANG_WARN_NON_LITERAL_NULL_CONVERSION = YES;
				CLANG_WARN_OBJC_IMPLICIT_RETAIN_SELF = YES;
				CLANG_WARN_OBJC_LITERAL_CONVERSION = YES;
				CLANG_WARN_OBJC_ROOT_CLASS = YES_ERROR;
				CLANG_WARN_QUOTED_INCLUDE_IN_FRAMEWORK_HEADER = YES;
				CLANG_WARN_RANGE_LOOP_ANALYSIS = YES;
				CLANG_WARN_STRICT_PROTOTYPES = YES;
				CLANG_WARN_SUSPICIOUS_MOVE = YES;
				CLANG_WARN_UNGUARDED_AVAILABILITY = YES_AGGRESSIVE;
				CLANG_WARN_UNREACHABLE_CODE = YES;
				CLANG_WARN__DUPLICATE_METHOD_MATCH = YES;
				COPY_PHASE_STRIP = NO;
				DEBUG_INFORMATION_FORMAT = dwarf;
				ENABLE_STRICT_OBJC_MSGSEND = YES;
				ENABLE_TESTABILITY = YES;
				ENABLE_USER_SCRIPT_SANDBOXING = YES;
				GCC_C_LANGUAGE_STANDARD = gnu17;
				GCC_DYNAMIC_NO_PIC = NO;
				GCC_NO_COMMON_BLOCKS = YES;
				GCC_OPTIMIZATION_LEVEL = 0;
				GCC_PREPROCESSOR_DEFINITIONS = (
					"DEBUG=1",
					"$(inherited)",
				);
				GCC_WARN_64_TO_32_BIT_CONVERSION = YES;
				GCC_WARN_ABOUT_RETURN_TYPE = YES_ERROR;
				GCC_WARN_UNDECLARED_SELECTOR = YES;
				GCC_WARN_UNINITIALIZED_AUTOS = YES_AGGRESSIVE;
				GCC_WARN_UNUSED_FUNCTION = YES;
				GCC_WARN_UNUSED_VARIABLE = YES;
				IPHONEOS_DEPLOYMENT_TARGET = 17.0;
				LOCALIZATION_PREFERS_STRING_CATALOGS = YES;
				MTL_ENABLE_DEBUG_INFO = INCLUDE_SOURCE;
				MTL_FAST_MATH = YES;
				ONLY_ACTIVE_ARCH = YES;
				SDKROOT = iphoneos;
				SWIFT_ACTIVE_COMPILATION_CONDITIONS = "DEBUG $(inherited)";
				SWIFT_OPTIMIZATION_LEVEL = "-Onone";
			};
			name = Debug;
		};
		202F11842AD6246E001E1BCC /* Release */ = {
			isa = XCBuildConfiguration;
			buildSettings = {
				ALWAYS_SEARCH_USER_PATHS = NO;
				ASSETCATALOG_COMPILER_GENERATE_SWIFT_ASSET_SYMBOL_EXTENSIONS = YES;
				CLANG_ANALYZER_NONNULL = YES;
				CLANG_ANALYZER_NUMBER_OBJECT_CONVERSION = YES_AGGRESSIVE;
				CLANG_CXX_LANGUAGE_STANDARD = "gnu++20";
				CLANG_ENABLE_MODULES = YES;
				CLANG_ENABLE_OBJC_ARC = YES;
				CLANG_ENABLE_OBJC_WEAK = YES;
				CLANG_WARN_BLOCK_CAPTURE_AUTORELEASING = YES;
				CLANG_WARN_BOOL_CONVERSION = YES;
				CLANG_WARN_COMMA = YES;
				CLANG_WARN_CONSTANT_CONVERSION = YES;
				CLANG_WARN_DEPRECATED_OBJC_IMPLEMENTATIONS = YES;
				CLANG_WARN_DIRECT_OBJC_ISA_USAGE = YES_ERROR;
				CLANG_WARN_DOCUMENTATION_COMMENTS = YES;
				CLANG_WARN_EMPTY_BODY = YES;
				CLANG_WARN_ENUM_CONVERSION = YES;
				CLANG_WARN_INFINITE_RECURSION = YES;
				CLANG_WARN_INT_CONVERSION = YES;
				CLANG_WARN_NON_LITERAL_NULL_CONVERSION = YES;
				CLANG_WARN_OBJC_IMPLICIT_RETAIN_SELF = YES;
				CLANG_WARN_OBJC_LITERAL_CONVERSION = YES;
				CLANG_WARN_OBJC_ROOT_CLASS = YES_ERROR;
				CLANG_WARN_QUOTED_INCLUDE_IN_FRAMEWORK_HEADER = YES;
				CLANG_WARN_RANGE_LOOP_ANALYSIS = YES;
				CLANG_WARN_STRICT_PROTOTYPES = YES;
				CLANG_WARN_SUSPICIOUS_MOVE = YES;
				CLANG_WARN_UNGUARDED_AVAILABILITY = YES_AGGRESSIVE;
				CLANG_WARN_UNREACHABLE_CODE = YES;
				CLANG_WARN__DUPLICATE_METHOD_MATCH = YES;
				COPY_PHASE_STRIP = NO;
				DEBUG_INFORMATION_FORMAT = "dwarf-with-dsym";
				ENABLE_NS_ASSERTIONS = NO;
				ENABLE_STRICT_OBJC_MSGSEND = YES;
				ENABLE_USER_SCRIPT_SANDBOXING = YES;
				GCC_C_LANGUAGE_STANDARD = gnu17;
				GCC_NO_COMMON_BLOCKS = YES;
				GCC_WARN_64_TO_32_BIT_CONVERSION = YES;
				GCC_WARN_ABOUT_RETURN_TYPE = YES_ERROR;
				GCC_WARN_UNDECLARED_SELECTOR = YES;
				GCC_WARN_UNINITIALIZED_AUTOS = YES_AGGRESSIVE;
				GCC_WARN_UNUSED_FUNCTION = YES;
				GCC_WARN_UNUSED_VARIABLE = YES;
				IPHONEOS_DEPLOYMENT_TARGET = 17.0;
				LOCALIZATION_PREFERS_STRING_CATALOGS = YES;
				MTL_ENABLE_DEBUG_INFO = NO;
				MTL_FAST_MATH = YES;
				SDKROOT = iphoneos;
				SWIFT_COMPILATION_MODE = wholemodule;
				VALIDATE_PRODUCT = YES;
			};
			name = Release;
		};
		202F11862AD6246E001E1BCC /* Debug */ = {
			isa = XCBuildConfiguration;
			buildSettings = {
				ASSETCATALOG_COMPILER_APPICON_NAME = AppIcon;
				ASSETCATALOG_COMPILER_GLOBAL_ACCENT_COLOR_NAME = AccentColor;
				CODE_SIGN_STYLE = Automatic;
				CURRENT_PROJECT_VERSION = 1;
				DEVELOPMENT_ASSET_PATHS = "\"demoProject2/Preview Content\"";
				DEVELOPMENT_TEAM = BT45P2PUCQ;
				ENABLE_PREVIEWS = YES;
				GENERATE_INFOPLIST_FILE = YES;
				INFOPLIST_KEY_UIApplicationSceneManifest_Generation = YES;
				INFOPLIST_KEY_UIApplicationSupportsIndirectInputEvents = YES;
				INFOPLIST_KEY_UILaunchScreen_Generation = YES;
				INFOPLIST_KEY_UISupportedInterfaceOrientations_iPad = "UIInterfaceOrientationPortrait UIInterfaceOrientationPortraitUpsideDown UIInterfaceOrientationLandscapeLeft UIInterfaceOrientationLandscapeRight";
				INFOPLIST_KEY_UISupportedInterfaceOrientations_iPhone = "UIInterfaceOrientationPortrait UIInterfaceOrientationLandscapeLeft UIInterfaceOrientationLandscapeRight";
				LD_RUNPATH_SEARCH_PATHS = (
					"$(inherited)",
					"@executable_path/Frameworks",
				);
				MARKETING_VERSION = 1.0;
				PRODUCT_BUNDLE_IDENTIFIER = com.ios3.demoProject2;
				PRODUCT_NAME = "$(TARGET_NAME)";
				SWIFT_EMIT_LOC_STRINGS = YES;
				SWIFT_VERSION = 5.0;
				TARGETED_DEVICE_FAMILY = "1,2";
			};
			name = Debug;
		};
		202F11872AD6246E001E1BCC /* Release */ = {
			isa = XCBuildConfiguration;
			buildSettings = {
				ASSETCATALOG_COMPILER_APPICON_NAME = AppIcon;
				ASSETCATALOG_COMPILER_GLOBAL_ACCENT_COLOR_NAME = AccentColor;
				CODE_SIGN_STYLE = Automatic;
				CURRENT_PROJECT_VERSION = 1;
				DEVELOPMENT_ASSET_PATHS = "\"demoProject2/Preview Content\"";
				DEVELOPMENT_TEAM = BT45P2PUCQ;
				ENABLE_PREVIEWS = YES;
				GENERATE_INFOPLIST_FILE = YES;
				INFOPLIST_KEY_UIApplicationSceneManifest_Generation = YES;
				INFOPLIST_KEY_UIApplicationSupportsIndirectInputEvents = YES;
				INFOPLIST_KEY_UILaunchScreen_Generation = YES;
				INFOPLIST_KEY_UISupportedInterfaceOrientations_iPad = "UIInterfaceOrientationPortrait UIInterfaceOrientationPortraitUpsideDown UIInterfaceOrientationLandscapeLeft UIInterfaceOrientationLandscapeRight";
				INFOPLIST_KEY_UISupportedInterfaceOrientations_iPhone = "UIInterfaceOrientationPortrait UIInterfaceOrientationLandscapeLeft UIInterfaceOrientationLandscapeRight";
				LD_RUNPATH_SEARCH_PATHS = (
					"$(inherited)",
					"@executable_path/Frameworks",
				);
				MARKETING_VERSION = 1.0;
				PRODUCT_BUNDLE_IDENTIFIER = com.ios3.demoProject2;
				PRODUCT_NAME = "$(TARGET_NAME)";
				SWIFT_EMIT_LOC_STRINGS = YES;
				SWIFT_VERSION = 5.0;
				TARGETED_DEVICE_FAMILY = "1,2";
			};
			name = Release;
		};
/* End XCBuildConfiguration section */

/* Begin XCConfigurationList section */
		202F11722AD6246C001E1BCC /* Build configuration list for PBXProject "demoProject2" */ = {
			isa = XCConfigurationList;
			buildConfigurations = (
				202F11832AD6246E001E1BCC /* Debug */,
				202F11842AD6246E001E1BCC /* Release */,
			);
			defaultConfigurationIsVisible = 0;
			defaultConfigurationName = Release;
		};
		202F11852AD6246E001E1BCC /* Build configuration list for PBXNativeTarget "demoProject2" */ = {
			isa = XCConfigurationList;
			buildConfigurations = (
				202F11862AD6246E001E1BCC /* Debug */,
				202F11872AD6246E001E1BCC /* Release */,
			);
			defaultConfigurationIsVisible = 0;
			defaultConfigurationName = Release;
		};
/* End XCConfigurationList section */
	};
	rootObject = 202F116F2AD6246C001E1BCC /* Project object */;
}
